// !$*UTF8*$!
{
	archiveVersion = 1;
	classes = {
	};
	objectVersion = 55;
	objects = {

/* Begin PBXBuildFile section */
		E6F7B023274DAD21005904E1 /* AppDelegate.swift in Sources */ = {isa = PBXBuildFile; fileRef = E6F7B022274DAD21005904E1 /* AppDelegate.swift */; };
		E6F7B025274DAD21005904E1 /* SceneDelegate.swift in Sources */ = {isa = PBXBuildFile; fileRef = E6F7B024274DAD21005904E1 /* SceneDelegate.swift */; };
		E6F7B027274DAD21005904E1 /* ViewController.swift in Sources */ = {isa = PBXBuildFile; fileRef = E6F7B026274DAD21005904E1 /* ViewController.swift */; };
		E6F7B02A274DAD21005904E1 /* Main.storyboard in Resources */ = {isa = PBXBuildFile; fileRef = E6F7B028274DAD21005904E1 /* Main.storyboard */; };
		E6F7B02C274DAD22005904E1 /* Assets.xcassets in Resources */ = {isa = PBXBuildFile; fileRef = E6F7B02B274DAD22005904E1 /* Assets.xcassets */; };
		E6F7B02F274DAD22005904E1 /* LaunchScreen.storyboard in Resources */ = {isa = PBXBuildFile; fileRef = E6F7B02D274DAD22005904E1 /* LaunchScreen.storyboard */; };
		E6F7B03A274DAD23005904E1 /* ChuckApiTests.swift in Sources */ = {isa = PBXBuildFile; fileRef = E6F7B039274DAD23005904E1 /* ChuckApiTests.swift */; };
		E6F7B044274DAD23005904E1 /* ChuckApiUITests.swift in Sources */ = {isa = PBXBuildFile; fileRef = E6F7B043274DAD23005904E1 /* ChuckApiUITests.swift */; };
		E6F7B046274DAD23005904E1 /* ChuckApiUITestsLaunchTests.swift in Sources */ = {isa = PBXBuildFile; fileRef = E6F7B045274DAD23005904E1 /* ChuckApiUITestsLaunchTests.swift */; };
/* End PBXBuildFile section */

/* Begin PBXContainerItemProxy section */
		E6F7B036274DAD23005904E1 /* PBXContainerItemProxy */ = {
			isa = PBXContainerItemProxy;
			containerPortal = E6F7B017274DAD21005904E1 /* Project object */;
			proxyType = 1;
			remoteGlobalIDString = E6F7B01E274DAD21005904E1;
			remoteInfo = ChuckApi;
		};
		E6F7B040274DAD23005904E1 /* PBXContainerItemProxy */ = {
			isa = PBXContainerItemProxy;
			containerPortal = E6F7B017274DAD21005904E1 /* Project object */;
			proxyType = 1;
			remoteGlobalIDString = E6F7B01E274DAD21005904E1;
			remoteInfo = ChuckApi;
		};
/* End PBXContainerItemProxy section */

/* Begin PBXFileReference section */
		E6F7B01F274DAD21005904E1 /* ChuckApi.app */ = {isa = PBXFileReference; explicitFileType = wrapper.application; includeInIndex = 0; path = ChuckApi.app; sourceTree = BUILT_PRODUCTS_DIR; };
		E6F7B022274DAD21005904E1 /* AppDelegate.swift */ = {isa = PBXFileReference; lastKnownFileType = sourcecode.swift; path = AppDelegate.swift; sourceTree = "<group>"; };
		E6F7B024274DAD21005904E1 /* SceneDelegate.swift */ = {isa = PBXFileReference; lastKnownFileType = sourcecode.swift; path = SceneDelegate.swift; sourceTree = "<group>"; };
		E6F7B026274DAD21005904E1 /* ViewController.swift */ = {isa = PBXFileReference; lastKnownFileType = sourcecode.swift; path = ViewController.swift; sourceTree = "<group>"; };
		E6F7B029274DAD21005904E1 /* Base */ = {isa = PBXFileReference; lastKnownFileType = file.storyboard; name = Base; path = Base.lproj/Main.storyboard; sourceTree = "<group>"; };
		E6F7B02B274DAD22005904E1 /* Assets.xcassets */ = {isa = PBXFileReference; lastKnownFileType = folder.assetcatalog; path = Assets.xcassets; sourceTree = "<group>"; };
		E6F7B02E274DAD22005904E1 /* Base */ = {isa = PBXFileReference; lastKnownFileType = file.storyboard; name = Base; path = Base.lproj/LaunchScreen.storyboard; sourceTree = "<group>"; };
		E6F7B030274DAD22005904E1 /* Info.plist */ = {isa = PBXFileReference; lastKnownFileType = text.plist.xml; path = Info.plist; sourceTree = "<group>"; };
		E6F7B035274DAD23005904E1 /* ChuckApiTests.xctest */ = {isa = PBXFileReference; explicitFileType = wrapper.cfbundle; includeInIndex = 0; path = ChuckApiTests.xctest; sourceTree = BUILT_PRODUCTS_DIR; };
		E6F7B039274DAD23005904E1 /* ChuckApiTests.swift */ = {isa = PBXFileReference; lastKnownFileType = sourcecode.swift; path = ChuckApiTests.swift; sourceTree = "<group>"; };
		E6F7B03F274DAD23005904E1 /* ChuckApiUITests.xctest */ = {isa = PBXFileReference; explicitFileType = wrapper.cfbundle; includeInIndex = 0; path = ChuckApiUITests.xctest; sourceTree = BUILT_PRODUCTS_DIR; };
		E6F7B043274DAD23005904E1 /* ChuckApiUITests.swift */ = {isa = PBXFileReference; lastKnownFileType = sourcecode.swift; path = ChuckApiUITests.swift; sourceTree = "<group>"; };
		E6F7B045274DAD23005904E1 /* ChuckApiUITestsLaunchTests.swift */ = {isa = PBXFileReference; lastKnownFileType = sourcecode.swift; path = ChuckApiUITestsLaunchTests.swift; sourceTree = "<group>"; };
/* End PBXFileReference section */

/* Begin PBXFrameworksBuildPhase section */
		E6F7B01C274DAD21005904E1 /* Frameworks */ = {
			isa = PBXFrameworksBuildPhase;
			buildActionMask = 2147483647;
			files = (
			);
			runOnlyForDeploymentPostprocessing = 0;
		};
		E6F7B032274DAD23005904E1 /* Frameworks */ = {
			isa = PBXFrameworksBuildPhase;
			buildActionMask = 2147483647;
			files = (
			);
			runOnlyForDeploymentPostprocessing = 0;
		};
		E6F7B03C274DAD23005904E1 /* Frameworks */ = {
			isa = PBXFrameworksBuildPhase;
			buildActionMask = 2147483647;
			files = (
			);
			runOnlyForDeploymentPostprocessing = 0;
		};
/* End PBXFrameworksBuildPhase section */

/* Begin PBXGroup section */
		E6F7B016274DAD21005904E1 = {
			isa = PBXGroup;
			children = (
				E6F7B021274DAD21005904E1 /* ChuckApi */,
				E6F7B038274DAD23005904E1 /* ChuckApiTests */,
				E6F7B042274DAD23005904E1 /* ChuckApiUITests */,
				E6F7B020274DAD21005904E1 /* Products */,
			);
			sourceTree = "<group>";
		};
		E6F7B020274DAD21005904E1 /* Products */ = {
			isa = PBXGroup;
			children = (
				E6F7B01F274DAD21005904E1 /* ChuckApi.app */,
				E6F7B035274DAD23005904E1 /* ChuckApiTests.xctest */,
				E6F7B03F274DAD23005904E1 /* ChuckApiUITests.xctest */,
			);
			name = Products;
			sourceTree = "<group>";
		};
		E6F7B021274DAD21005904E1 /* ChuckApi */ = {
			isa = PBXGroup;
			children = (
				E6F7B022274DAD21005904E1 /* AppDelegate.swift */,
				E6F7B024274DAD21005904E1 /* SceneDelegate.swift */,
				E6F7B026274DAD21005904E1 /* ViewController.swift */,
				E6F7B028274DAD21005904E1 /* Main.storyboard */,
				E6F7B02B274DAD22005904E1 /* Assets.xcassets */,
				E6F7B02D274DAD22005904E1 /* LaunchScreen.storyboard */,
				E6F7B030274DAD22005904E1 /* Info.plist */,
			);
			path = ChuckApi;
			sourceTree = "<group>";
		};
		E6F7B038274DAD23005904E1 /* ChuckApiTests */ = {
			isa = PBXGroup;
			children = (
				E6F7B039274DAD23005904E1 /* ChuckApiTests.swift */,
			);
			path = ChuckApiTests;
			sourceTree = "<group>";
		};
		E6F7B042274DAD23005904E1 /* ChuckApiUITests */ = {
			isa = PBXGroup;
			children = (
				E6F7B043274DAD23005904E1 /* ChuckApiUITests.swift */,
				E6F7B045274DAD23005904E1 /* ChuckApiUITestsLaunchTests.swift */,
			);
			path = ChuckApiUITests;
			sourceTree = "<group>";
		};
/* End PBXGroup section */

/* Begin PBXNativeTarget section */
		E6F7B01E274DAD21005904E1 /* ChuckApi */ = {
			isa = PBXNativeTarget;
			buildConfigurationList = E6F7B049274DAD23005904E1 /* Build configuration list for PBXNativeTarget "ChuckApi" */;
			buildPhases = (
				E6F7B01B274DAD21005904E1 /* Sources */,
				E6F7B01C274DAD21005904E1 /* Frameworks */,
				E6F7B01D274DAD21005904E1 /* Resources */,
			);
			buildRules = (
			);
			dependencies = (
			);
			name = ChuckApi;
			productName = ChuckApi;
			productReference = E6F7B01F274DAD21005904E1 /* ChuckApi.app */;
			productType = "com.apple.product-type.application";
		};
		E6F7B034274DAD23005904E1 /* ChuckApiTests */ = {
			isa = PBXNativeTarget;
			buildConfigurationList = E6F7B04C274DAD23005904E1 /* Build configuration list for PBXNativeTarget "ChuckApiTests" */;
			buildPhases = (
				E6F7B031274DAD23005904E1 /* Sources */,
				E6F7B032274DAD23005904E1 /* Frameworks */,
				E6F7B033274DAD23005904E1 /* Resources */,
			);
			buildRules = (
			);
			dependencies = (
				E6F7B037274DAD23005904E1 /* PBXTargetDependency */,
			);
			name = ChuckApiTests;
			productName = ChuckApiTests;
			productReference = E6F7B035274DAD23005904E1 /* ChuckApiTests.xctest */;
			productType = "com.apple.product-type.bundle.unit-test";
		};
		E6F7B03E274DAD23005904E1 /* ChuckApiUITests */ = {
			isa = PBXNativeTarget;
			buildConfigurationList = E6F7B04F274DAD23005904E1 /* Build configuration list for PBXNativeTarget "ChuckApiUITests" */;
			buildPhases = (
				E6F7B03B274DAD23005904E1 /* Sources */,
				E6F7B03C274DAD23005904E1 /* Frameworks */,
				E6F7B03D274DAD23005904E1 /* Resources */,
			);
			buildRules = (
			);
			dependencies = (
				E6F7B041274DAD23005904E1 /* PBXTargetDependency */,
			);
			name = ChuckApiUITests;
			productName = ChuckApiUITests;
			productReference = E6F7B03F274DAD23005904E1 /* ChuckApiUITests.xctest */;
			productType = "com.apple.product-type.bundle.ui-testing";
		};
/* End PBXNativeTarget section */

/* Begin PBXProject section */
		E6F7B017274DAD21005904E1 /* Project object */ = {
			isa = PBXProject;
			attributes = {
				BuildIndependentTargetsInParallel = 1;
				LastSwiftUpdateCheck = 1310;
				LastUpgradeCheck = 1310;
				TargetAttributes = {
					E6F7B01E274DAD21005904E1 = {
						CreatedOnToolsVersion = 13.1;
					};
					E6F7B034274DAD23005904E1 = {
						CreatedOnToolsVersion = 13.1;
						TestTargetID = E6F7B01E274DAD21005904E1;
					};
					E6F7B03E274DAD23005904E1 = {
						CreatedOnToolsVersion = 13.1;
						TestTargetID = E6F7B01E274DAD21005904E1;
					};
				};
			};
			buildConfigurationList = E6F7B01A274DAD21005904E1 /* Build configuration list for PBXProject "ChuckApi" */;
			compatibilityVersion = "Xcode 13.0";
			developmentRegion = en;
			hasScannedForEncodings = 0;
			knownRegions = (
				en,
				Base,
			);
			mainGroup = E6F7B016274DAD21005904E1;
			productRefGroup = E6F7B020274DAD21005904E1 /* Products */;
			projectDirPath = "";
			projectRoot = "";
			targets = (
				E6F7B01E274DAD21005904E1 /* ChuckApi */,
				E6F7B034274DAD23005904E1 /* ChuckApiTests */,
				E6F7B03E274DAD23005904E1 /* ChuckApiUITests */,
			);
		};
/* End PBXProject section */

/* Begin PBXResourcesBuildPhase section */
		E6F7B01D274DAD21005904E1 /* Resources */ = {
			isa = PBXResourcesBuildPhase;
			buildActionMask = 2147483647;
			files = (
				E6F7B02F274DAD22005904E1 /* LaunchScreen.storyboard in Resources */,
				E6F7B02C274DAD22005904E1 /* Assets.xcassets in Resources */,
				E6F7B02A274DAD21005904E1 /* Main.storyboard in Resources */,
			);
			runOnlyForDeploymentPostprocessing = 0;
		};
		E6F7B033274DAD23005904E1 /* Resources */ = {
			isa = PBXResourcesBuildPhase;
			buildActionMask = 2147483647;
			files = (
			);
			runOnlyForDeploymentPostprocessing = 0;
		};
		E6F7B03D274DAD23005904E1 /* Resources */ = {
			isa = PBXResourcesBuildPhase;
			buildActionMask = 2147483647;
			files = (
			);
			runOnlyForDeploymentPostprocessing = 0;
		};
/* End PBXResourcesBuildPhase section */

/* Begin PBXSourcesBuildPhase section */
		E6F7B01B274DAD21005904E1 /* Sources */ = {
			isa = PBXSourcesBuildPhase;
			buildActionMask = 2147483647;
			files = (
				E6F7B027274DAD21005904E1 /* ViewController.swift in Sources */,
				E6F7B023274DAD21005904E1 /* AppDelegate.swift in Sources */,
				E6F7B025274DAD21005904E1 /* SceneDelegate.swift in Sources */,
			);
			runOnlyForDeploymentPostprocessing = 0;
		};
		E6F7B031274DAD23005904E1 /* Sources */ = {
			isa = PBXSourcesBuildPhase;
			buildActionMask = 2147483647;
			files = (
				E6F7B03A274DAD23005904E1 /* ChuckApiTests.swift in Sources */,
			);
			runOnlyForDeploymentPostprocessing = 0;
		};
		E6F7B03B274DAD23005904E1 /* Sources */ = {
			isa = PBXSourcesBuildPhase;
			buildActionMask = 2147483647;
			files = (
				E6F7B046274DAD23005904E1 /* ChuckApiUITestsLaunchTests.swift in Sources */,
				E6F7B044274DAD23005904E1 /* ChuckApiUITests.swift in Sources */,
			);
			runOnlyForDeploymentPostprocessing = 0;
		};
/* End PBXSourcesBuildPhase section */

/* Begin PBXTargetDependency section */
		E6F7B037274DAD23005904E1 /* PBXTargetDependency */ = {
			isa = PBXTargetDependency;
			target = E6F7B01E274DAD21005904E1 /* ChuckApi */;
			targetProxy = E6F7B036274DAD23005904E1 /* PBXContainerItemProxy */;
		};
		E6F7B041274DAD23005904E1 /* PBXTargetDependency */ = {
			isa = PBXTargetDependency;
			target = E6F7B01E274DAD21005904E1 /* ChuckApi */;
			targetProxy = E6F7B040274DAD23005904E1 /* PBXContainerItemProxy */;
		};
/* End PBXTargetDependency section */

/* Begin PBXVariantGroup section */
		E6F7B028274DAD21005904E1 /* Main.storyboard */ = {
			isa = PBXVariantGroup;
			children = (
				E6F7B029274DAD21005904E1 /* Base */,
			);
			name = Main.storyboard;
			sourceTree = "<group>";
		};
		E6F7B02D274DAD22005904E1 /* LaunchScreen.storyboard */ = {
			isa = PBXVariantGroup;
			children = (
				E6F7B02E274DAD22005904E1 /* Base */,
			);
			name = LaunchScreen.storyboard;
			sourceTree = "<group>";
		};
/* End PBXVariantGroup section */

/* Begin XCBuildConfiguration section */
		E6F7B047274DAD23005904E1 /* Debug */ = {
			isa = XCBuildConfiguration;
			buildSettings = {
				ALWAYS_SEARCH_USER_PATHS = NO;
				CLANG_ANALYZER_NONNULL = YES;
				CLANG_ANALYZER_NUMBER_OBJECT_CONVERSION = YES_AGGRESSIVE;
				CLANG_CXX_LANGUAGE_STANDARD = "gnu++17";
				CLANG_CXX_LIBRARY = "libc++";
				CLANG_ENABLE_MODULES = YES;
				CLANG_ENABLE_OBJC_ARC = YES;
				CLANG_ENABLE_OBJC_WEAK = YES;
				CLANG_WARN_BLOCK_CAPTURE_AUTORELEASING = YES;
				CLANG_WARN_BOOL_CONVERSION = YES;
				CLANG_WARN_COMMA = YES;
				CLANG_WARN_CONSTANT_CONVERSION = YES;
				CLANG_WARN_DEPRECATED_OBJC_IMPLEMENTATIONS = YES;
				CLANG_WARN_DIRECT_OBJC_ISA_USAGE = YES_ERROR;
				CLANG_WARN_DOCUMENTATION_COMMENTS = YES;
				CLANG_WARN_EMPTY_BODY = YES;
				CLANG_WARN_ENUM_CONVERSION = YES;
				CLANG_WARN_INFINITE_RECURSION = YES;
				CLANG_WARN_INT_CONVERSION = YES;
				CLANG_WARN_NON_LITERAL_NULL_CONVERSION = YES;
				CLANG_WARN_OBJC_IMPLICIT_RETAIN_SELF = YES;
				CLANG_WARN_OBJC_LITERAL_CONVERSION = YES;
				CLANG_WARN_OBJC_ROOT_CLASS = YES_ERROR;
				CLANG_WARN_QUOTED_INCLUDE_IN_FRAMEWORK_HEADER = YES;
				CLANG_WARN_RANGE_LOOP_ANALYSIS = YES;
				CLANG_WARN_STRICT_PROTOTYPES = YES;
				CLANG_WARN_SUSPICIOUS_MOVE = YES;
				CLANG_WARN_UNGUARDED_AVAILABILITY = YES_AGGRESSIVE;
				CLANG_WARN_UNREACHABLE_CODE = YES;
				CLANG_WARN__DUPLICATE_METHOD_MATCH = YES;
				COPY_PHASE_STRIP = NO;
				DEBUG_INFORMATION_FORMAT = dwarf;
				ENABLE_STRICT_OBJC_MSGSEND = YES;
				ENABLE_TESTABILITY = YES;
				GCC_C_LANGUAGE_STANDARD = gnu11;
				GCC_DYNAMIC_NO_PIC = NO;
				GCC_NO_COMMON_BLOCKS = YES;
				GCC_OPTIMIZATION_LEVEL = 0;
				GCC_PREPROCESSOR_DEFINITIONS = (
					"DEBUG=1",
					"$(inherited)",
				);
				GCC_WARN_64_TO_32_BIT_CONVERSION = YES;
				GCC_WARN_ABOUT_RETURN_TYPE = YES_ERROR;
				GCC_WARN_UNDECLARED_SELECTOR = YES;
				GCC_WARN_UNINITIALIZED_AUTOS = YES_AGGRESSIVE;
				GCC_WARN_UNUSED_FUNCTION = YES;
				GCC_WARN_UNUSED_VARIABLE = YES;
				IPHONEOS_DEPLOYMENT_TARGET = 15.0;
				MTL_ENABLE_DEBUG_INFO = INCLUDE_SOURCE;
				MTL_FAST_MATH = YES;
				ONLY_ACTIVE_ARCH = YES;
				SDKROOT = iphoneos;
				SWIFT_ACTIVE_COMPILATION_CONDITIONS = DEBUG;
				SWIFT_OPTIMIZATION_LEVEL = "-Onone";
			};
			name = Debug;
		};
		E6F7B048274DAD23005904E1 /* Release */ = {
			isa = XCBuildConfiguration;
			buildSettings = {
				ALWAYS_SEARCH_USER_PATHS = NO;
				CLANG_ANALYZER_NONNULL = YES;
				CLANG_ANALYZER_NUMBER_OBJECT_CONVERSION = YES_AGGRESSIVE;
				CLANG_CXX_LANGUAGE_STANDARD = "gnu++17";
				CLANG_CXX_LIBRARY = "libc++";
				CLANG_ENABLE_MODULES = YES;
				CLANG_ENABLE_OBJC_ARC = YES;
				CLANG_ENABLE_OBJC_WEAK = YES;
				CLANG_WARN_BLOCK_CAPTURE_AUTORELEASING = YES;
				CLANG_WARN_BOOL_CONVERSION = YES;
				CLANG_WARN_COMMA = YES;
				CLANG_WARN_CONSTANT_CONVERSION = YES;
				CLANG_WARN_DEPRECATED_OBJC_IMPLEMENTATIONS = YES;
				CLANG_WARN_DIRECT_OBJC_ISA_USAGE = YES_ERROR;
				CLANG_WARN_DOCUMENTATION_COMMENTS = YES;
				CLANG_WARN_EMPTY_BODY = YES;
				CLANG_WARN_ENUM_CONVERSION = YES;
				CLANG_WARN_INFINITE_RECURSION = YES;
				CLANG_WARN_INT_CONVERSION = YES;
				CLANG_WARN_NON_LITERAL_NULL_CONVERSION = YES;
				CLANG_WARN_OBJC_IMPLICIT_RETAIN_SELF = YES;
				CLANG_WARN_OBJC_LITERAL_CONVERSION = YES;
				CLANG_WARN_OBJC_ROOT_CLASS = YES_ERROR;
				CLANG_WARN_QUOTED_INCLUDE_IN_FRAMEWORK_HEADER = YES;
				CLANG_WARN_RANGE_LOOP_ANALYSIS = YES;
				CLANG_WARN_STRICT_PROTOTYPES = YES;
				CLANG_WARN_SUSPICIOUS_MOVE = YES;
				CLANG_WARN_UNGUARDED_AVAILABILITY = YES_AGGRESSIVE;
				CLANG_WARN_UNREACHABLE_CODE = YES;
				CLANG_WARN__DUPLICATE_METHOD_MATCH = YES;
				COPY_PHASE_STRIP = NO;
				DEBUG_INFORMATION_FORMAT = "dwarf-with-dsym";
				ENABLE_NS_ASSERTIONS = NO;
				ENABLE_STRICT_OBJC_MSGSEND = YES;
				GCC_C_LANGUAGE_STANDARD = gnu11;
				GCC_NO_COMMON_BLOCKS = YES;
				GCC_WARN_64_TO_32_BIT_CONVERSION = YES;
				GCC_WARN_ABOUT_RETURN_TYPE = YES_ERROR;
				GCC_WARN_UNDECLARED_SELECTOR = YES;
				GCC_WARN_UNINITIALIZED_AUTOS = YES_AGGRESSIVE;
				GCC_WARN_UNUSED_FUNCTION = YES;
				GCC_WARN_UNUSED_VARIABLE = YES;
				IPHONEOS_DEPLOYMENT_TARGET = 15.0;
				MTL_ENABLE_DEBUG_INFO = NO;
				MTL_FAST_MATH = YES;
				SDKROOT = iphoneos;
				SWIFT_COMPILATION_MODE = wholemodule;
				SWIFT_OPTIMIZATION_LEVEL = "-O";
				VALIDATE_PRODUCT = YES;
			};
			name = Release;
		};
		E6F7B04A274DAD23005904E1 /* Debug */ = {
			isa = XCBuildConfiguration;
			buildSettings = {
				ASSETCATALOG_COMPILER_APPICON_NAME = AppIcon;
				ASSETCATALOG_COMPILER_GLOBAL_ACCENT_COLOR_NAME = AccentColor;
				CODE_SIGN_STYLE = Automatic;
				CURRENT_PROJECT_VERSION = 1;
				DEVELOPMENT_TEAM = Z4GRA75UCL;
				GENERATE_INFOPLIST_FILE = YES;
				INFOPLIST_FILE = ChuckApi/Info.plist;
				INFOPLIST_KEY_UIApplicationSupportsIndirectInputEvents = YES;
				INFOPLIST_KEY_UILaunchStoryboardName = LaunchScreen;
				INFOPLIST_KEY_UIMainStoryboardFile = Main;
				INFOPLIST_KEY_UISupportedInterfaceOrientations_iPad = "UIInterfaceOrientationPortrait UIInterfaceOrientationPortraitUpsideDown UIInterfaceOrientationLandscapeLeft UIInterfaceOrientationLandscapeRight";
				INFOPLIST_KEY_UISupportedInterfaceOrientations_iPhone = "UIInterfaceOrientationPortrait UIInterfaceOrientationLandscapeLeft UIInterfaceOrientationLandscapeRight";
				LD_RUNPATH_SEARCH_PATHS = (
					"$(inherited)",
					"@executable_path/Frameworks",
				);
				MARKETING_VERSION = 1.0;
				PRODUCT_BUNDLE_IDENTIFIER = com.twon.ChuckApi;
				PRODUCT_NAME = "$(TARGET_NAME)";
				SWIFT_EMIT_LOC_STRINGS = YES;
				SWIFT_VERSION = 5.0;
				TARGETED_DEVICE_FAMILY = "1,2";
			};
			name = Debug;
		};
		E6F7B04B274DAD23005904E1 /* Release */ = {
			isa = XCBuildConfiguration;
			buildSettings = {
				ASSETCATALOG_COMPILER_APPICON_NAME = AppIcon;
				ASSETCATALOG_COMPILER_GLOBAL_ACCENT_COLOR_NAME = AccentColor;
				CODE_SIGN_STYLE = Automatic;
				CURRENT_PROJECT_VERSION = 1;
				DEVELOPMENT_TEAM = Z4GRA75UCL;
				GENERATE_INFOPLIST_FILE = YES;
				INFOPLIST_FILE = ChuckApi/Info.plist;
				INFOPLIST_KEY_UIApplicationSupportsIndirectInputEvents = YES;
				INFOPLIST_KEY_UILaunchStoryboardName = LaunchScreen;
				INFOPLIST_KEY_UIMainStoryboardFile = Main;
				INFOPLIST_KEY_UISupportedInterfaceOrientations_iPad = "UIInterfaceOrientationPortrait UIInterfaceOrientationPortraitUpsideDown UIInterfaceOrientationLandscapeLeft UIInterfaceOrientationLandscapeRight";
				INFOPLIST_KEY_UISupportedInterfaceOrientations_iPhone = "UIInterfaceOrientationPortrait UIInterfaceOrientationLandscapeLeft UIInterfaceOrientationLandscapeRight";
				LD_RUNPATH_SEARCH_PATHS = (
					"$(inherited)",
					"@executable_path/Frameworks",
				);
				MARKETING_VERSION = 1.0;
				PRODUCT_BUNDLE_IDENTIFIER = com.twon.ChuckApi;
				PRODUCT_NAME = "$(TARGET_NAME)";
				SWIFT_EMIT_LOC_STRINGS = YES;
				SWIFT_VERSION = 5.0;
				TARGETED_DEVICE_FAMILY = "1,2";
			};
			name = Release;
		};
		E6F7B04D274DAD23005904E1 /* Debug */ = {
			isa = XCBuildConfiguration;
			buildSettings = {
				ALWAYS_EMBED_SWIFT_STANDARD_LIBRARIES = YES;
				BUNDLE_LOADER = "$(TEST_HOST)";
				CODE_SIGN_STYLE = Automatic;
				CURRENT_PROJECT_VERSION = 1;
				DEVELOPMENT_TEAM = Z4GRA75UCL;
				GENERATE_INFOPLIST_FILE = YES;
				IPHONEOS_DEPLOYMENT_TARGET = 15.0;
				LD_RUNPATH_SEARCH_PATHS = (
					"$(inherited)",
					"@executable_path/Frameworks",
					"@loader_path/Frameworks",
				);
				MARKETING_VERSION = 1.0;
				PRODUCT_BUNDLE_IDENTIFIER = com.twon.ChuckApiTests;
				PRODUCT_NAME = "$(TARGET_NAME)";
				SWIFT_EMIT_LOC_STRINGS = NO;
				SWIFT_VERSION = 5.0;
				TARGETED_DEVICE_FAMILY = "1,2";
				TEST_HOST = "$(BUILT_PRODUCTS_DIR)/ChuckApi.app/ChuckApi";
			};
			name = Debug;
		};
		E6F7B04E274DAD23005904E1 /* Release */ = {
			isa = XCBuildConfiguration;
			buildSettings = {
				ALWAYS_EMBED_SWIFT_STANDARD_LIBRARIES = YES;
				BUNDLE_LOADER = "$(TEST_HOST)";
				CODE_SIGN_STYLE = Automatic;
				CURRENT_PROJECT_VERSION = 1;
				DEVELOPMENT_TEAM = Z4GRA75UCL;
				GENERATE_INFOPLIST_FILE = YES;
				IPHONEOS_DEPLOYMENT_TARGET = 15.0;
				LD_RUNPATH_SEARCH_PATHS = (
					"$(inherited)",
					"@executable_path/Frameworks",
					"@loader_path/Frameworks",
				);
				MARKETING_VERSION = 1.0;
				PRODUCT_BUNDLE_IDENTIFIER = com.twon.ChuckApiTests;
				PRODUCT_NAME = "$(TARGET_NAME)";
				SWIFT_EMIT_LOC_STRINGS = NO;
				SWIFT_VERSION = 5.0;
				TARGETED_DEVICE_FAMILY = "1,2";
				TEST_HOST = "$(BUILT_PRODUCTS_DIR)/ChuckApi.app/ChuckApi";
			};
			name = Release;
		};
		E6F7B050274DAD23005904E1 /* Debug */ = {
			isa = XCBuildConfiguration;
			buildSettings = {
				ALWAYS_EMBED_SWIFT_STANDARD_LIBRARIES = YES;
				CODE_SIGN_STYLE = Automatic;
				CURRENT_PROJECT_VERSION = 1;
				DEVELOPMENT_TEAM = Z4GRA75UCL;
				GENERATE_INFOPLIST_FILE = YES;
				LD_RUNPATH_SEARCH_PATHS = (
					"$(inherited)",
					"@executable_path/Frameworks",
					"@loader_path/Frameworks",
				);
				MARKETING_VERSION = 1.0;
				PRODUCT_BUNDLE_IDENTIFIER = com.twon.ChuckApiUITests;
				PRODUCT_NAME = "$(TARGET_NAME)";
				SWIFT_EMIT_LOC_STRINGS = NO;
				SWIFT_VERSION = 5.0;
				TARGETED_DEVICE_FAMILY = "1,2";
				TEST_TARGET_NAME = ChuckApi;
			};
			name = Debug;
		};
		E6F7B051274DAD23005904E1 /* Release */ = {
			isa = XCBuildConfiguration;
			buildSettings = {
				ALWAYS_EMBED_SWIFT_STANDARD_LIBRARIES = YES;
				CODE_SIGN_STYLE = Automatic;
				CURRENT_PROJECT_VERSION = 1;
				DEVELOPMENT_TEAM = Z4GRA75UCL;
				GENERATE_INFOPLIST_FILE = YES;
				LD_RUNPATH_SEARCH_PATHS = (
					"$(inherited)",
					"@executable_path/Frameworks",
					"@loader_path/Frameworks",
				);
				MARKETING_VERSION = 1.0;
				PRODUCT_BUNDLE_IDENTIFIER = com.twon.ChuckApiUITests;
				PRODUCT_NAME = "$(TARGET_NAME)";
				SWIFT_EMIT_LOC_STRINGS = NO;
				SWIFT_VERSION = 5.0;
				TARGETED_DEVICE_FAMILY = "1,2";
				TEST_TARGET_NAME = ChuckApi;
			};
			name = Release;
		};
/* End XCBuildConfiguration section */

/* Begin XCConfigurationList section */
		E6F7B01A274DAD21005904E1 /* Build configuration list for PBXProject "ChuckApi" */ = {
			isa = XCConfigurationList;
			buildConfigurations = (
				E6F7B047274DAD23005904E1 /* Debug */,
				E6F7B048274DAD23005904E1 /* Release */,
			);
			defaultConfigurationIsVisible = 0;
			defaultConfigurationName = Release;
		};
		E6F7B049274DAD23005904E1 /* Build configuration list for PBXNativeTarget "ChuckApi" */ = {
			isa = XCConfigurationList;
			buildConfigurations = (
				E6F7B04A274DAD23005904E1 /* Debug */,
				E6F7B04B274DAD23005904E1 /* Release */,
			);
			defaultConfigurationIsVisible = 0;
			defaultConfigurationName = Release;
		};
		E6F7B04C274DAD23005904E1 /* Build configuration list for PBXNativeTarget "ChuckApiTests" */ = {
			isa = XCConfigurationList;
			buildConfigurations = (
				E6F7B04D274DAD23005904E1 /* Debug */,
				E6F7B04E274DAD23005904E1 /* Release */,
			);
			defaultConfigurationIsVisible = 0;
			defaultConfigurationName = Release;
		};
		E6F7B04F274DAD23005904E1 /* Build configuration list for PBXNativeTarget "ChuckApiUITests" */ = {
			isa = XCConfigurationList;
			buildConfigurations = (
				E6F7B050274DAD23005904E1 /* Debug */,
				E6F7B051274DAD23005904E1 /* Release */,
			);
			defaultConfigurationIsVisible = 0;
			defaultConfigurationName = Release;
		};
/* End XCConfigurationList section */
	};
	rootObject = E6F7B017274DAD21005904E1 /* Project object */;
}
